// !$*UTF8*$!
{
	archiveVersion = 1;
	classes = {
	};
	objectVersion = 52;
	objects = {

/* Begin PBXBuildFile section */
		AA053AC125F3B74C00E1E2AE /* Intents.framework in Frameworks */ = {isa = PBXBuildFile; fileRef = AA053AC025F3B74C00E1E2AE /* Intents.framework */; };
		AA053AC425F3B74C00E1E2AE /* IntentHandler.swift in Sources */ = {isa = PBXBuildFile; fileRef = AA053AC325F3B74C00E1E2AE /* IntentHandler.swift */; };
		AA053AC825F3B74C00E1E2AE /* tarBusIntentExtension.appex in Embed App Extensions */ = {isa = PBXBuildFile; fileRef = AA053ABF25F3B74C00E1E2AE /* tarBusIntentExtension.appex */; settings = {ATTRIBUTES = (RemoveHeadersOnCopy, ); }; };
		AA053AD625F3B78800E1E2AE /* BoardDeparture.swift in Sources */ = {isa = PBXBuildFile; fileRef = AA6D11DC25D1C28D005F6F87 /* BoardDeparture.swift */; };
		AA053AD725F3B78800E1E2AE /* ListDeparture.swift in Sources */ = {isa = PBXBuildFile; fileRef = AA6D11E025D1C74D005F6F87 /* ListDeparture.swift */; };
		AA053AD825F3B78800E1E2AE /* BusStop.swift in Sources */ = {isa = PBXBuildFile; fileRef = AA75086625BC7B5D0045FFD5 /* BusStop.swift */; };
		AA053AD925F3B78800E1E2AE /* NextDeparture.swift in Sources */ = {isa = PBXBuildFile; fileRef = AA6D11D825D1C060005F6F87 /* NextDeparture.swift */; };
		AA053ADA25F3B78800E1E2AE /* LastUpdate.swift in Sources */ = {isa = PBXBuildFile; fileRef = AAC82EC525AEF07700236F31 /* LastUpdate.swift */; };
		AA053ADB25F3B78800E1E2AE /* BusLine.swift in Sources */ = {isa = PBXBuildFile; fileRef = AA78CDD825B9EDB20052455A /* BusLine.swift */; };
		AA053ADC25F3B78800E1E2AE /* Route.swift in Sources */ = {isa = PBXBuildFile; fileRef = AAD6248925C05A3E0038C8CE /* Route.swift */; };
		AA05BCD625ED77BB00009711 /* WidgetKit.framework in Frameworks */ = {isa = PBXBuildFile; fileRef = AA05BCD525ED77BB00009711 /* WidgetKit.framework */; };
		AA05BCD825ED77BB00009711 /* SwiftUI.framework in Frameworks */ = {isa = PBXBuildFile; fileRef = AA05BCD725ED77BB00009711 /* SwiftUI.framework */; };
		AA05BCDB25ED77BB00009711 /* WidgetView.swift in Sources */ = {isa = PBXBuildFile; fileRef = AA05BCDA25ED77BB00009711 /* WidgetView.swift */; };
		AA05BCDE25ED77C000009711 /* Assets.xcassets in Resources */ = {isa = PBXBuildFile; fileRef = AA05BCDD25ED77C000009711 /* Assets.xcassets */; };
		AA05BCE425ED77C000009711 /* tarBUSWidgetExtension.appex in Embed App Extensions */ = {isa = PBXBuildFile; fileRef = AA05BCD325ED77BB00009711 /* tarBUSWidgetExtension.appex */; settings = {ATTRIBUTES = (RemoveHeadersOnCopy, ); }; };
		AA05BCF725ED7B9700009711 /* date+extensions.swift in Sources */ = {isa = PBXBuildFile; fileRef = AA3C459725C5C4A100148F1E /* date+extensions.swift */; };
		AA05BCFD25ED7E9E00009711 /* SQLite in Frameworks */ = {isa = PBXBuildFile; productRef = AA05BCFC25ED7E9E00009711 /* SQLite */; };
		AA05BD0C25ED7FAA00009711 /* Route.swift in Sources */ = {isa = PBXBuildFile; fileRef = AAD6248925C05A3E0038C8CE /* Route.swift */; };
		AA05BD0D25ED7FAA00009711 /* LastUpdate.swift in Sources */ = {isa = PBXBuildFile; fileRef = AAC82EC525AEF07700236F31 /* LastUpdate.swift */; };
		AA05BD0E25ED7FAA00009711 /* ListDeparture.swift in Sources */ = {isa = PBXBuildFile; fileRef = AA6D11E025D1C74D005F6F87 /* ListDeparture.swift */; };
		AA05BD0F25ED7FAA00009711 /* BusLine.swift in Sources */ = {isa = PBXBuildFile; fileRef = AA78CDD825B9EDB20052455A /* BusLine.swift */; };
		AA05BD1025ED7FAA00009711 /* BoardDeparture.swift in Sources */ = {isa = PBXBuildFile; fileRef = AA6D11DC25D1C28D005F6F87 /* BoardDeparture.swift */; };
		AA05BD1125ED7FAA00009711 /* BusStop.swift in Sources */ = {isa = PBXBuildFile; fileRef = AA75086625BC7B5D0045FFD5 /* BusStop.swift */; };
		AA05BD1225ED7FAA00009711 /* NextDeparture.swift in Sources */ = {isa = PBXBuildFile; fileRef = AA6D11D825D1C060005F6F87 /* NextDeparture.swift */; };
		AA09E84425C1BD7800FA4A70 /* RouteListView.swift in Sources */ = {isa = PBXBuildFile; fileRef = AA09E84325C1BD7800FA4A70 /* RouteListView.swift */; };
		AA1151A125C4A75D00A2F299 /* BusStopView.swift in Sources */ = {isa = PBXBuildFile; fileRef = AA1151A025C4A75D00A2F299 /* BusStopView.swift */; };
		AA13B73E25FC094A0090F823 /* StackViewGridController.swift in Sources */ = {isa = PBXBuildFile; fileRef = AA13B73D25FC094A0090F823 /* StackViewGridController.swift */; };
		AA3B97D125D46AAD0027D2DD /* FavouriteBusLinesViewModel.swift in Sources */ = {isa = PBXBuildFile; fileRef = AA3B97D025D46AAD0027D2DD /* FavouriteBusLinesViewModel.swift */; };
		AA3B97D625D46DA80027D2DD /* FavouriteBusLinesListView.swift in Sources */ = {isa = PBXBuildFile; fileRef = AA3B97D525D46DA80027D2DD /* FavouriteBusLinesListView.swift */; };
		AA3B97DA25D478270027D2DD /* FavouriteBusStopsViewModel.swift in Sources */ = {isa = PBXBuildFile; fileRef = AA3B97D925D478270027D2DD /* FavouriteBusStopsViewModel.swift */; };
		AA3B97DD25D47C670027D2DD /* FavouriteBusStopsView.swift in Sources */ = {isa = PBXBuildFile; fileRef = AA3B97DC25D47C670027D2DD /* FavouriteBusStopsView.swift */; };
		AA3C459825C5C4A100148F1E /* date+extensions.swift in Sources */ = {isa = PBXBuildFile; fileRef = AA3C459725C5C4A100148F1E /* date+extensions.swift */; };
		AA3C459B25C5D2B500148F1E /* PlanView.swift in Sources */ = {isa = PBXBuildFile; fileRef = AA3C459A25C5D2B500148F1E /* PlanView.swift */; };
		AA3D20C1265C0E8E0011AD86 /* SKStoreReviewController+extensions.swift in Sources */ = {isa = PBXBuildFile; fileRef = AA3D20C0265C0E8E0011AD86 /* SKStoreReviewController+extensions.swift */; };
		AA42E81425F4DB5800E79DA9 /* Url+extensions.swift in Sources */ = {isa = PBXBuildFile; fileRef = AA42E81325F4DB5800E79DA9 /* Url+extensions.swift */; };
		AA4A818C26B6CFDB00A12907 /* SearchTileView.swift in Sources */ = {isa = PBXBuildFile; fileRef = AA4A818B26B6CFDB00A12907 /* SearchTileView.swift */; };
		AA4A818E26B6D00900A12907 /* SearchTileViewModel.swift in Sources */ = {isa = PBXBuildFile; fileRef = AA4A818D26B6D00800A12907 /* SearchTileViewModel.swift */; };
		AA4DAB672687A05B0009A789 /* VerticalAlignment+Extensions.swift in Sources */ = {isa = PBXBuildFile; fileRef = AA4DAB662687A05B0009A789 /* VerticalAlignment+Extensions.swift */; };
		AA4DAB692687A1F60009A789 /* Image+Extensions.swift in Sources */ = {isa = PBXBuildFile; fileRef = AA4DAB682687A1F60009A789 /* Image+Extensions.swift */; };
		AA543C42265946590057CB33 /* HapticHelper.swift in Sources */ = {isa = PBXBuildFile; fileRef = AA543C41265946590057CB33 /* HapticHelper.swift */; };
		AA578FC825FCE35B00CB5FD5 /* BusStopMapView.swift in Sources */ = {isa = PBXBuildFile; fileRef = AA578FC725FCE35B00CB5FD5 /* BusStopMapView.swift */; };
		AA63EC0F25C85783000360E0 /* NextDeparturesView.swift in Sources */ = {isa = PBXBuildFile; fileRef = AA63EC0E25C85783000360E0 /* NextDeparturesView.swift */; };
		AA691F5F25D0814D006CE292 /* DepartureListView.swift in Sources */ = {isa = PBXBuildFile; fileRef = AA691F5E25D0814D006CE292 /* DepartureListView.swift */; };
		AA6CA29025F3CF58007F088C /* DataProvider.swift in Sources */ = {isa = PBXBuildFile; fileRef = AA6CA28F25F3CF58007F088C /* DataProvider.swift */; };
		AA6CA29525F3CF9D007F088C /* WidgetModel.swift in Sources */ = {isa = PBXBuildFile; fileRef = AA6CA29425F3CF9D007F088C /* WidgetModel.swift */; };
		AA6CA2A025F3CFD6007F088C /* WidgetConfiguration.swift in Sources */ = {isa = PBXBuildFile; fileRef = AA6CA29F25F3CFD6007F088C /* WidgetConfiguration.swift */; };
		AA6D11D925D1C060005F6F87 /* NextDeparture.swift in Sources */ = {isa = PBXBuildFile; fileRef = AA6D11D825D1C060005F6F87 /* NextDeparture.swift */; };
		AA6D11DD25D1C28D005F6F87 /* BoardDeparture.swift in Sources */ = {isa = PBXBuildFile; fileRef = AA6D11DC25D1C28D005F6F87 /* BoardDeparture.swift */; };
		AA6D11E125D1C74D005F6F87 /* ListDeparture.swift in Sources */ = {isa = PBXBuildFile; fileRef = AA6D11E025D1C74D005F6F87 /* ListDeparture.swift */; };
		AA713EDA25FA759C00D47C80 /* MapView.swift in Sources */ = {isa = PBXBuildFile; fileRef = AA713ED925FA759C00D47C80 /* MapView.swift */; };
		AA713EE225FA7BBF00D47C80 /* BusStopConnection.swift in Sources */ = {isa = PBXBuildFile; fileRef = AA713EE125FA7BBF00D47C80 /* BusStopConnection.swift */; };
		AA713EE325FA7BBF00D47C80 /* BusStopConnection.swift in Sources */ = {isa = PBXBuildFile; fileRef = AA713EE125FA7BBF00D47C80 /* BusStopConnection.swift */; };
		AA713EE425FA7BBF00D47C80 /* BusStopConnection.swift in Sources */ = {isa = PBXBuildFile; fileRef = AA713EE125FA7BBF00D47C80 /* BusStopConnection.swift */; };
		AA713EEC25FA8A0E00D47C80 /* tarbus.db in Resources */ = {isa = PBXBuildFile; fileRef = AA713EEB25FA8A0E00D47C80 /* tarbus.db */; };
		AA713EF125FA99A200D47C80 /* TrackMapView.swift in Sources */ = {isa = PBXBuildFile; fileRef = AA713EF025FA99A200D47C80 /* TrackMapView.swift */; };
		AA75086025BC5E5F0045FFD5 /* SQLite in Frameworks */ = {isa = PBXBuildFile; productRef = AA75085F25BC5E5F0045FFD5 /* SQLite */; };
		AA75086325BC5F000045FFD5 /* DatabaseHelper.swift in Sources */ = {isa = PBXBuildFile; fileRef = AA75086225BC5F000045FFD5 /* DatabaseHelper.swift */; };
		AA75086725BC7B5D0045FFD5 /* BusStop.swift in Sources */ = {isa = PBXBuildFile; fileRef = AA75086625BC7B5D0045FFD5 /* BusStop.swift */; };
		AA781C4A26B57EDE00255597 /* SocialCardViewModel.swift in Sources */ = {isa = PBXBuildFile; fileRef = AA781C4926B57EDE00255597 /* SocialCardViewModel.swift */; };
		AA781C4C26B57F9600255597 /* SocialCardView.swift in Sources */ = {isa = PBXBuildFile; fileRef = AA781C4B26B57F9600255597 /* SocialCardView.swift */; };
		AA781C4E26B59C9E00255597 /* LocationHelper.swift in Sources */ = {isa = PBXBuildFile; fileRef = AA781C4D26B59C9E00255597 /* LocationHelper.swift */; };
		AA78CDD925B9EDB20052455A /* BusLine.swift in Sources */ = {isa = PBXBuildFile; fileRef = AA78CDD825B9EDB20052455A /* BusLine.swift */; };
		AA79FD1925DC8CB2004F5723 /* ReachabilityTest.swift in Sources */ = {isa = PBXBuildFile; fileRef = AA79FD1825DC8CB2004F5723 /* ReachabilityTest.swift */; };
		AA7CB46625FD008C00D36172 /* VisualEffectView.swift in Sources */ = {isa = PBXBuildFile; fileRef = AA7CB46525FD008B00D36172 /* VisualEffectView.swift */; };
		AA849FD725CED7EE00831982 /* SearchPickerView.swift in Sources */ = {isa = PBXBuildFile; fileRef = AA849FD625CED7EE00831982 /* SearchPickerView.swift */; };
		AA849FDC25CEE33600831982 /* SearchBarView.swift in Sources */ = {isa = PBXBuildFile; fileRef = AA849FDB25CEE33600831982 /* SearchBarView.swift */; };
		AA9053B62657C86700342DF5 /* SocialsView.swift in Sources */ = {isa = PBXBuildFile; fileRef = AA9053B52657C86700342DF5 /* SocialsView.swift */; };
		AA9053B92657E78500342DF5 /* SettingsTabView.swift in Sources */ = {isa = PBXBuildFile; fileRef = AA9053B82657E78500342DF5 /* SettingsTabView.swift */; };
		AAA279CF25D2F5DC00E1FB45 /* PrivacyPolicyView.swift in Sources */ = {isa = PBXBuildFile; fileRef = AAA279CE25D2F5DC00E1FB45 /* PrivacyPolicyView.swift */; };
		AAA279DA25D30D7A00E1FB45 /* LaunchScreen.storyboard in Resources */ = {isa = PBXBuildFile; fileRef = AAA279D925D30D7A00E1FB45 /* LaunchScreen.storyboard */; };
		AAA32C2F25D5B37500DC9ABB /* UIKitTabBar.swift in Sources */ = {isa = PBXBuildFile; fileRef = AAA32C2E25D5B37500DC9ABB /* UIKitTabBar.swift */; };
		AAB4673C25B3354B00B46614 /* MailView.swift in Sources */ = {isa = PBXBuildFile; fileRef = AAB4673B25B3354B00B46614 /* MailView.swift */; };
		AABEBB05265D932300EFC29D /* DevMenuView.swift in Sources */ = {isa = PBXBuildFile; fileRef = AABEBB04265D932300EFC29D /* DevMenuView.swift */; };
		AABEBB06265DA91000EFC29D /* DatabaseHelper.swift in Sources */ = {isa = PBXBuildFile; fileRef = AA75086225BC5F000045FFD5 /* DatabaseHelper.swift */; };
		AABEBB07265DA92F00EFC29D /* DatabaseHelper.swift in Sources */ = {isa = PBXBuildFile; fileRef = AA75086225BC5F000045FFD5 /* DatabaseHelper.swift */; };
		AAC692A025D1D23000477314 /* Array+extensions.swift in Sources */ = {isa = PBXBuildFile; fileRef = AAC6929F25D1D23000477314 /* Array+extensions.swift */; };
		AAC692AC25D1D84100477314 /* SearchBusLinesView.swift in Sources */ = {isa = PBXBuildFile; fileRef = AAC692AB25D1D84100477314 /* SearchBusLinesView.swift */; };
		AAC692AF25D1D86E00477314 /* SearchBusStopsView.swift in Sources */ = {isa = PBXBuildFile; fileRef = AAC692AE25D1D86E00477314 /* SearchBusStopsView.swift */; };
		AAC82EC625AEF07700236F31 /* LastUpdate.swift in Sources */ = {isa = PBXBuildFile; fileRef = AAC82EC525AEF07700236F31 /* LastUpdate.swift */; };
		AAC82ECF25AEFCBE00236F31 /* AboutView.swift in Sources */ = {isa = PBXBuildFile; fileRef = AAC82ECE25AEFCBE00236F31 /* AboutView.swift */; };
		AAC82EDE25AF2DFC00236F31 /* LineListView.swift in Sources */ = {isa = PBXBuildFile; fileRef = AAC82EDD25AF2DFC00236F31 /* LineListView.swift */; };
		AACB90FB25F3BB4C00DB80D1 /* WidgetIntent.intentdefinition in Sources */ = {isa = PBXBuildFile; fileRef = AACB90FA25F3BB4C00DB80D1 /* WidgetIntent.intentdefinition */; };
		AACB90FC25F3BB4C00DB80D1 /* WidgetIntent.intentdefinition in Sources */ = {isa = PBXBuildFile; fileRef = AACB90FA25F3BB4C00DB80D1 /* WidgetIntent.intentdefinition */; };
		AACB910725F3BC7C00DB80D1 /* SQLite in Frameworks */ = {isa = PBXBuildFile; productRef = AACB910625F3BC7C00DB80D1 /* SQLite */; };
		AAD6248A25C05A3E0038C8CE /* Route.swift in Sources */ = {isa = PBXBuildFile; fileRef = AAD6248925C05A3E0038C8CE /* Route.swift */; };
		AAE9B11B25AE7FA200D90F32 /* tarBUSApp.swift in Sources */ = {isa = PBXBuildFile; fileRef = AAE9B11A25AE7FA200D90F32 /* tarBUSApp.swift */; };
		AAE9B11D25AE7FA200D90F32 /* StartView.swift in Sources */ = {isa = PBXBuildFile; fileRef = AAE9B11C25AE7FA200D90F32 /* StartView.swift */; };
		AAE9B11F25AE7FA400D90F32 /* Assets.xcassets in Resources */ = {isa = PBXBuildFile; fileRef = AAE9B11E25AE7FA400D90F32 /* Assets.xcassets */; };
		AAE9B12225AE7FA400D90F32 /* Preview Assets.xcassets in Resources */ = {isa = PBXBuildFile; fileRef = AAE9B12125AE7FA400D90F32 /* Preview Assets.xcassets */; };
/* End PBXBuildFile section */

/* Begin PBXContainerItemProxy section */
		AA053AC625F3B74C00E1E2AE /* PBXContainerItemProxy */ = {
			isa = PBXContainerItemProxy;
			containerPortal = AAE9B10F25AE7FA100D90F32 /* Project object */;
			proxyType = 1;
			remoteGlobalIDString = AA053ABE25F3B74C00E1E2AE;
			remoteInfo = tarBusIntentExtension;
		};
		AA05BCE225ED77C000009711 /* PBXContainerItemProxy */ = {
			isa = PBXContainerItemProxy;
			containerPortal = AAE9B10F25AE7FA100D90F32 /* Project object */;
			proxyType = 1;
			remoteGlobalIDString = AA05BCD225ED77BB00009711;
			remoteInfo = tarBUSWidgetExtension;
		};
/* End PBXContainerItemProxy section */

/* Begin PBXCopyFilesBuildPhase section */
		AA05BCE525ED77C000009711 /* Embed App Extensions */ = {
			isa = PBXCopyFilesBuildPhase;
			buildActionMask = 2147483647;
			dstPath = "";
			dstSubfolderSpec = 13;
			files = (
				AA05BCE425ED77C000009711 /* tarBUSWidgetExtension.appex in Embed App Extensions */,
				AA053AC825F3B74C00E1E2AE /* tarBusIntentExtension.appex in Embed App Extensions */,
			);
			name = "Embed App Extensions";
			runOnlyForDeploymentPostprocessing = 0;
		};
/* End PBXCopyFilesBuildPhase section */

/* Begin PBXFileReference section */
		AA053ABF25F3B74C00E1E2AE /* tarBusIntentExtension.appex */ = {isa = PBXFileReference; explicitFileType = "wrapper.app-extension"; includeInIndex = 0; path = tarBusIntentExtension.appex; sourceTree = BUILT_PRODUCTS_DIR; };
		AA053AC025F3B74C00E1E2AE /* Intents.framework */ = {isa = PBXFileReference; lastKnownFileType = wrapper.framework; name = Intents.framework; path = System/Library/Frameworks/Intents.framework; sourceTree = SDKROOT; };
		AA053AC325F3B74C00E1E2AE /* IntentHandler.swift */ = {isa = PBXFileReference; lastKnownFileType = sourcecode.swift; path = IntentHandler.swift; sourceTree = "<group>"; };
		AA053AC525F3B74C00E1E2AE /* Info.plist */ = {isa = PBXFileReference; lastKnownFileType = text.plist.xml; path = Info.plist; sourceTree = "<group>"; };
		AA05BCD325ED77BB00009711 /* tarBUSWidgetExtension.appex */ = {isa = PBXFileReference; explicitFileType = "wrapper.app-extension"; includeInIndex = 0; path = tarBUSWidgetExtension.appex; sourceTree = BUILT_PRODUCTS_DIR; };
		AA05BCD525ED77BB00009711 /* WidgetKit.framework */ = {isa = PBXFileReference; lastKnownFileType = wrapper.framework; name = WidgetKit.framework; path = System/Library/Frameworks/WidgetKit.framework; sourceTree = SDKROOT; };
		AA05BCD725ED77BB00009711 /* SwiftUI.framework */ = {isa = PBXFileReference; lastKnownFileType = wrapper.framework; name = SwiftUI.framework; path = System/Library/Frameworks/SwiftUI.framework; sourceTree = SDKROOT; };
		AA05BCDA25ED77BB00009711 /* WidgetView.swift */ = {isa = PBXFileReference; lastKnownFileType = sourcecode.swift; path = WidgetView.swift; sourceTree = "<group>"; };
		AA05BCDD25ED77C000009711 /* Assets.xcassets */ = {isa = PBXFileReference; lastKnownFileType = folder.assetcatalog; path = Assets.xcassets; sourceTree = "<group>"; };
		AA05BCDF25ED77C000009711 /* Info.plist */ = {isa = PBXFileReference; lastKnownFileType = text.plist.xml; path = Info.plist; sourceTree = "<group>"; };
		AA05BCEB25ED784500009711 /* tarBUSWidgetExtension.entitlements */ = {isa = PBXFileReference; lastKnownFileType = text.plist.entitlements; path = tarBUSWidgetExtension.entitlements; sourceTree = "<group>"; };
		AA09E84325C1BD7800FA4A70 /* RouteListView.swift */ = {isa = PBXFileReference; lastKnownFileType = sourcecode.swift; path = RouteListView.swift; sourceTree = "<group>"; };
		AA1151A025C4A75D00A2F299 /* BusStopView.swift */ = {isa = PBXFileReference; lastKnownFileType = sourcecode.swift; path = BusStopView.swift; sourceTree = "<group>"; };
		AA13B73D25FC094A0090F823 /* StackViewGridController.swift */ = {isa = PBXFileReference; lastKnownFileType = sourcecode.swift; path = StackViewGridController.swift; sourceTree = "<group>"; };
		AA3B97D025D46AAD0027D2DD /* FavouriteBusLinesViewModel.swift */ = {isa = PBXFileReference; lastKnownFileType = sourcecode.swift; path = FavouriteBusLinesViewModel.swift; sourceTree = "<group>"; };
		AA3B97D525D46DA80027D2DD /* FavouriteBusLinesListView.swift */ = {isa = PBXFileReference; lastKnownFileType = sourcecode.swift; path = FavouriteBusLinesListView.swift; sourceTree = "<group>"; };
		AA3B97D925D478270027D2DD /* FavouriteBusStopsViewModel.swift */ = {isa = PBXFileReference; lastKnownFileType = sourcecode.swift; path = FavouriteBusStopsViewModel.swift; sourceTree = "<group>"; };
		AA3B97DC25D47C670027D2DD /* FavouriteBusStopsView.swift */ = {isa = PBXFileReference; lastKnownFileType = sourcecode.swift; path = FavouriteBusStopsView.swift; sourceTree = "<group>"; };
		AA3C459725C5C4A100148F1E /* date+extensions.swift */ = {isa = PBXFileReference; lastKnownFileType = sourcecode.swift; path = "date+extensions.swift"; sourceTree = "<group>"; };
		AA3C459A25C5D2B500148F1E /* PlanView.swift */ = {isa = PBXFileReference; lastKnownFileType = sourcecode.swift; path = PlanView.swift; sourceTree = "<group>"; };
		AA3D20C0265C0E8E0011AD86 /* SKStoreReviewController+extensions.swift */ = {isa = PBXFileReference; lastKnownFileType = sourcecode.swift; path = "SKStoreReviewController+extensions.swift"; sourceTree = "<group>"; };
		AA42E81325F4DB5800E79DA9 /* Url+extensions.swift */ = {isa = PBXFileReference; lastKnownFileType = sourcecode.swift; path = "Url+extensions.swift"; sourceTree = "<group>"; };
		AA4A818B26B6CFDB00A12907 /* SearchTileView.swift */ = {isa = PBXFileReference; lastKnownFileType = sourcecode.swift; path = SearchTileView.swift; sourceTree = "<group>"; };
		AA4A818D26B6D00800A12907 /* SearchTileViewModel.swift */ = {isa = PBXFileReference; lastKnownFileType = sourcecode.swift; path = SearchTileViewModel.swift; sourceTree = "<group>"; };
		AA4DAB662687A05B0009A789 /* VerticalAlignment+Extensions.swift */ = {isa = PBXFileReference; lastKnownFileType = sourcecode.swift; path = "VerticalAlignment+Extensions.swift"; sourceTree = "<group>"; };
		AA4DAB682687A1F60009A789 /* Image+Extensions.swift */ = {isa = PBXFileReference; lastKnownFileType = sourcecode.swift; path = "Image+Extensions.swift"; sourceTree = "<group>"; };
		AA543C41265946590057CB33 /* HapticHelper.swift */ = {isa = PBXFileReference; lastKnownFileType = sourcecode.swift; path = HapticHelper.swift; sourceTree = "<group>"; };
		AA578FC725FCE35B00CB5FD5 /* BusStopMapView.swift */ = {isa = PBXFileReference; lastKnownFileType = sourcecode.swift; path = BusStopMapView.swift; sourceTree = "<group>"; };
		AA63EC0E25C85783000360E0 /* NextDeparturesView.swift */ = {isa = PBXFileReference; lastKnownFileType = sourcecode.swift; path = NextDeparturesView.swift; sourceTree = "<group>"; };
		AA691F5E25D0814D006CE292 /* DepartureListView.swift */ = {isa = PBXFileReference; lastKnownFileType = sourcecode.swift; path = DepartureListView.swift; sourceTree = "<group>"; };
		AA6CA28F25F3CF58007F088C /* DataProvider.swift */ = {isa = PBXFileReference; lastKnownFileType = sourcecode.swift; path = DataProvider.swift; sourceTree = "<group>"; };
		AA6CA29425F3CF9D007F088C /* WidgetModel.swift */ = {isa = PBXFileReference; lastKnownFileType = sourcecode.swift; path = WidgetModel.swift; sourceTree = "<group>"; };
		AA6CA29F25F3CFD6007F088C /* WidgetConfiguration.swift */ = {isa = PBXFileReference; lastKnownFileType = sourcecode.swift; path = WidgetConfiguration.swift; sourceTree = "<group>"; };
		AA6D11D825D1C060005F6F87 /* NextDeparture.swift */ = {isa = PBXFileReference; lastKnownFileType = sourcecode.swift; path = NextDeparture.swift; sourceTree = "<group>"; };
		AA6D11DC25D1C28D005F6F87 /* BoardDeparture.swift */ = {isa = PBXFileReference; lastKnownFileType = sourcecode.swift; path = BoardDeparture.swift; sourceTree = "<group>"; };
		AA6D11E025D1C74D005F6F87 /* ListDeparture.swift */ = {isa = PBXFileReference; lastKnownFileType = sourcecode.swift; path = ListDeparture.swift; sourceTree = "<group>"; };
		AA713ED925FA759C00D47C80 /* MapView.swift */ = {isa = PBXFileReference; fileEncoding = 4; lastKnownFileType = sourcecode.swift; path = MapView.swift; sourceTree = "<group>"; };
		AA713EE125FA7BBF00D47C80 /* BusStopConnection.swift */ = {isa = PBXFileReference; lastKnownFileType = sourcecode.swift; path = BusStopConnection.swift; sourceTree = "<group>"; };
		AA713EEB25FA8A0E00D47C80 /* tarbus.db */ = {isa = PBXFileReference; lastKnownFileType = file; path = tarbus.db; sourceTree = "<group>"; };
		AA713EF025FA99A200D47C80 /* TrackMapView.swift */ = {isa = PBXFileReference; lastKnownFileType = sourcecode.swift; path = TrackMapView.swift; sourceTree = "<group>"; };
		AA75086225BC5F000045FFD5 /* DatabaseHelper.swift */ = {isa = PBXFileReference; lastKnownFileType = sourcecode.swift; path = DatabaseHelper.swift; sourceTree = "<group>"; };
		AA75086625BC7B5D0045FFD5 /* BusStop.swift */ = {isa = PBXFileReference; lastKnownFileType = sourcecode.swift; path = BusStop.swift; sourceTree = "<group>"; };
		AA781C4926B57EDE00255597 /* SocialCardViewModel.swift */ = {isa = PBXFileReference; lastKnownFileType = sourcecode.swift; path = SocialCardViewModel.swift; sourceTree = "<group>"; };
		AA781C4B26B57F9600255597 /* SocialCardView.swift */ = {isa = PBXFileReference; lastKnownFileType = sourcecode.swift; path = SocialCardView.swift; sourceTree = "<group>"; };
		AA781C4D26B59C9E00255597 /* LocationHelper.swift */ = {isa = PBXFileReference; lastKnownFileType = sourcecode.swift; path = LocationHelper.swift; sourceTree = "<group>"; };
		AA78CDD825B9EDB20052455A /* BusLine.swift */ = {isa = PBXFileReference; lastKnownFileType = sourcecode.swift; path = BusLine.swift; sourceTree = "<group>"; };
		AA79FD1825DC8CB2004F5723 /* ReachabilityTest.swift */ = {isa = PBXFileReference; lastKnownFileType = sourcecode.swift; path = ReachabilityTest.swift; sourceTree = "<group>"; };
		AA7CB46525FD008B00D36172 /* VisualEffectView.swift */ = {isa = PBXFileReference; lastKnownFileType = sourcecode.swift; path = VisualEffectView.swift; sourceTree = "<group>"; };
		AA849FD625CED7EE00831982 /* SearchPickerView.swift */ = {isa = PBXFileReference; lastKnownFileType = sourcecode.swift; path = SearchPickerView.swift; sourceTree = "<group>"; };
		AA849FDB25CEE33600831982 /* SearchBarView.swift */ = {isa = PBXFileReference; fileEncoding = 4; lastKnownFileType = sourcecode.swift; path = SearchBarView.swift; sourceTree = "<group>"; };
		AA9053B52657C86700342DF5 /* SocialsView.swift */ = {isa = PBXFileReference; lastKnownFileType = sourcecode.swift; path = SocialsView.swift; sourceTree = "<group>"; };
		AA9053B82657E78500342DF5 /* SettingsTabView.swift */ = {isa = PBXFileReference; lastKnownFileType = sourcecode.swift; path = SettingsTabView.swift; sourceTree = "<group>"; };
		AA96904B25EAA5B80093D3D2 /* tarBUS.entitlements */ = {isa = PBXFileReference; lastKnownFileType = text.plist.entitlements; path = tarBUS.entitlements; sourceTree = "<group>"; };
		AAA279CE25D2F5DC00E1FB45 /* PrivacyPolicyView.swift */ = {isa = PBXFileReference; lastKnownFileType = sourcecode.swift; path = PrivacyPolicyView.swift; sourceTree = "<group>"; };
		AAA279D925D30D7A00E1FB45 /* LaunchScreen.storyboard */ = {isa = PBXFileReference; lastKnownFileType = file.storyboard; path = LaunchScreen.storyboard; sourceTree = "<group>"; };
		AAA32C2E25D5B37500DC9ABB /* UIKitTabBar.swift */ = {isa = PBXFileReference; lastKnownFileType = sourcecode.swift; path = UIKitTabBar.swift; sourceTree = "<group>"; };
		AAB4673B25B3354B00B46614 /* MailView.swift */ = {isa = PBXFileReference; lastKnownFileType = sourcecode.swift; path = MailView.swift; sourceTree = "<group>"; };
		AABEBB04265D932300EFC29D /* DevMenuView.swift */ = {isa = PBXFileReference; lastKnownFileType = sourcecode.swift; path = DevMenuView.swift; sourceTree = "<group>"; };
		AAC6929F25D1D23000477314 /* Array+extensions.swift */ = {isa = PBXFileReference; lastKnownFileType = sourcecode.swift; path = "Array+extensions.swift"; sourceTree = "<group>"; };
		AAC692AB25D1D84100477314 /* SearchBusLinesView.swift */ = {isa = PBXFileReference; lastKnownFileType = sourcecode.swift; path = SearchBusLinesView.swift; sourceTree = "<group>"; };
		AAC692AE25D1D86E00477314 /* SearchBusStopsView.swift */ = {isa = PBXFileReference; lastKnownFileType = sourcecode.swift; path = SearchBusStopsView.swift; sourceTree = "<group>"; };
		AAC82EC525AEF07700236F31 /* LastUpdate.swift */ = {isa = PBXFileReference; lastKnownFileType = sourcecode.swift; path = LastUpdate.swift; sourceTree = "<group>"; };
		AAC82ECE25AEFCBE00236F31 /* AboutView.swift */ = {isa = PBXFileReference; lastKnownFileType = sourcecode.swift; path = AboutView.swift; sourceTree = "<group>"; };
		AAC82EDD25AF2DFC00236F31 /* LineListView.swift */ = {isa = PBXFileReference; lastKnownFileType = sourcecode.swift; path = LineListView.swift; sourceTree = "<group>"; };
		AACB90FA25F3BB4C00DB80D1 /* WidgetIntent.intentdefinition */ = {isa = PBXFileReference; lastKnownFileType = file.intentdefinition; path = WidgetIntent.intentdefinition; sourceTree = "<group>"; };
		AACB911225F3C08400DB80D1 /* tarBusIntentExtension.entitlements */ = {isa = PBXFileReference; lastKnownFileType = text.plist.entitlements; path = tarBusIntentExtension.entitlements; sourceTree = "<group>"; };
		AAD6248925C05A3E0038C8CE /* Route.swift */ = {isa = PBXFileReference; lastKnownFileType = sourcecode.swift; path = Route.swift; sourceTree = "<group>"; };
		AAE9B11725AE7FA200D90F32 /* tarBUS.app */ = {isa = PBXFileReference; explicitFileType = wrapper.application; includeInIndex = 0; path = tarBUS.app; sourceTree = BUILT_PRODUCTS_DIR; };
		AAE9B11A25AE7FA200D90F32 /* tarBUSApp.swift */ = {isa = PBXFileReference; lastKnownFileType = sourcecode.swift; path = tarBUSApp.swift; sourceTree = "<group>"; };
		AAE9B11C25AE7FA200D90F32 /* StartView.swift */ = {isa = PBXFileReference; lastKnownFileType = sourcecode.swift; path = StartView.swift; sourceTree = "<group>"; };
		AAE9B11E25AE7FA400D90F32 /* Assets.xcassets */ = {isa = PBXFileReference; lastKnownFileType = folder.assetcatalog; path = Assets.xcassets; sourceTree = "<group>"; };
		AAE9B12125AE7FA400D90F32 /* Preview Assets.xcassets */ = {isa = PBXFileReference; lastKnownFileType = folder.assetcatalog; path = "Preview Assets.xcassets"; sourceTree = "<group>"; };
		AAE9B12325AE7FA400D90F32 /* Info.plist */ = {isa = PBXFileReference; lastKnownFileType = text.plist.xml; path = Info.plist; sourceTree = "<group>"; };
/* End PBXFileReference section */

/* Begin PBXFrameworksBuildPhase section */
		AA053ABC25F3B74C00E1E2AE /* Frameworks */ = {
			isa = PBXFrameworksBuildPhase;
			buildActionMask = 2147483647;
			files = (
				AACB910725F3BC7C00DB80D1 /* SQLite in Frameworks */,
				AA053AC125F3B74C00E1E2AE /* Intents.framework in Frameworks */,
			);
			runOnlyForDeploymentPostprocessing = 0;
		};
		AA05BCD025ED77BB00009711 /* Frameworks */ = {
			isa = PBXFrameworksBuildPhase;
			buildActionMask = 2147483647;
			files = (
				AA05BCFD25ED7E9E00009711 /* SQLite in Frameworks */,
				AA05BCD825ED77BB00009711 /* SwiftUI.framework in Frameworks */,
				AA05BCD625ED77BB00009711 /* WidgetKit.framework in Frameworks */,
			);
			runOnlyForDeploymentPostprocessing = 0;
		};
		AAE9B11425AE7FA100D90F32 /* Frameworks */ = {
			isa = PBXFrameworksBuildPhase;
			buildActionMask = 2147483647;
			files = (
				AA75086025BC5E5F0045FFD5 /* SQLite in Frameworks */,
			);
			runOnlyForDeploymentPostprocessing = 0;
		};
/* End PBXFrameworksBuildPhase section */

/* Begin PBXGroup section */
		AA053AC225F3B74C00E1E2AE /* tarBusIntentExtension */ = {
			isa = PBXGroup;
			children = (
				AACB911225F3C08400DB80D1 /* tarBusIntentExtension.entitlements */,
				AA053AC325F3B74C00E1E2AE /* IntentHandler.swift */,
				AA053AC525F3B74C00E1E2AE /* Info.plist */,
			);
			path = tarBusIntentExtension;
			sourceTree = "<group>";
		};
		AA05BCD425ED77BB00009711 /* Frameworks */ = {
			isa = PBXGroup;
			children = (
				AA05BCD525ED77BB00009711 /* WidgetKit.framework */,
				AA05BCD725ED77BB00009711 /* SwiftUI.framework */,
				AA053AC025F3B74C00E1E2AE /* Intents.framework */,
			);
			name = Frameworks;
			sourceTree = "<group>";
		};
		AA05BCD925ED77BB00009711 /* tarBUSWidget */ = {
			isa = PBXGroup;
			children = (
				AA6CA29F25F3CFD6007F088C /* WidgetConfiguration.swift */,
				AA05BCDA25ED77BB00009711 /* WidgetView.swift */,
				AA6CA28F25F3CF58007F088C /* DataProvider.swift */,
				AA6CA29425F3CF9D007F088C /* WidgetModel.swift */,
				AA05BCDD25ED77C000009711 /* Assets.xcassets */,
				AA05BCDF25ED77C000009711 /* Info.plist */,
				AACB90FA25F3BB4C00DB80D1 /* WidgetIntent.intentdefinition */,
			);
			path = tarBUSWidget;
			sourceTree = "<group>";
		};
		AA3B97CF25D46A5C0027D2DD /* ViewModels */ = {
			isa = PBXGroup;
			children = (
				AA3B97D025D46AAD0027D2DD /* FavouriteBusLinesViewModel.swift */,
				AA3B97D925D478270027D2DD /* FavouriteBusStopsViewModel.swift */,
				AA781C4926B57EDE00255597 /* SocialCardViewModel.swift */,
				AA4A818D26B6D00800A12907 /* SearchTileViewModel.swift */,
			);
			path = ViewModels;
			sourceTree = "<group>";
		};
		AA543C43265946840057CB33 /* Helpers */ = {
			isa = PBXGroup;
			children = (
				AA75086225BC5F000045FFD5 /* DatabaseHelper.swift */,
				AA543C41265946590057CB33 /* HapticHelper.swift */,
				AA781C4D26B59C9E00255597 /* LocationHelper.swift */,
			);
			path = Helpers;
			sourceTree = "<group>";
		};
		AA578FC625FCE33400CB5FD5 /* Map */ = {
			isa = PBXGroup;
			children = (
				AA578FC725FCE35B00CB5FD5 /* BusStopMapView.swift */,
			);
			path = Map;
			sourceTree = "<group>";
		};
		AA9053B72657E76E00342DF5 /* Settings */ = {
			isa = PBXGroup;
			children = (
				AAA279CE25D2F5DC00E1FB45 /* PrivacyPolicyView.swift */,
				AAC82ECE25AEFCBE00236F31 /* AboutView.swift */,
				AA9053B82657E78500342DF5 /* SettingsTabView.swift */,
				AABEBB04265D932300EFC29D /* DevMenuView.swift */,
			);
			path = Settings;
			sourceTree = "<group>";
		};
		AAC6929225D1CF9400477314 /* Start */ = {
			isa = PBXGroup;
			children = (
				AAE9B11C25AE7FA200D90F32 /* StartView.swift */,
				AA3B97D525D46DA80027D2DD /* FavouriteBusLinesListView.swift */,
				AA3B97DC25D47C670027D2DD /* FavouriteBusStopsView.swift */,
				AA9053B52657C86700342DF5 /* SocialsView.swift */,
				AA781C4B26B57F9600255597 /* SocialCardView.swift */,
			);
			path = Start;
			sourceTree = "<group>";
		};
		AAC6929325D1CFBD00477314 /* UIKit */ = {
			isa = PBXGroup;
			children = (
				AA713ED925FA759C00D47C80 /* MapView.swift */,
				AAB4673B25B3354B00B46614 /* MailView.swift */,
				AA849FDB25CEE33600831982 /* SearchBarView.swift */,
				AAA32C2E25D5B37500DC9ABB /* UIKitTabBar.swift */,
				AA13B73D25FC094A0090F823 /* StackViewGridController.swift */,
				AA7CB46525FD008B00D36172 /* VisualEffectView.swift */,
			);
			path = UIKit;
			sourceTree = "<group>";
		};
		AAC6929425D1CFD300477314 /* Lines */ = {
			isa = PBXGroup;
			children = (
				AAC6929825D1CFF700477314 /* BusStop */,
				AAC82EDD25AF2DFC00236F31 /* LineListView.swift */,
				AA09E84325C1BD7800FA4A70 /* RouteListView.swift */,
			);
			path = Lines;
			sourceTree = "<group>";
		};
		AAC6929825D1CFF700477314 /* BusStop */ = {
			isa = PBXGroup;
			children = (
				AA3C459A25C5D2B500148F1E /* PlanView.swift */,
				AA63EC0E25C85783000360E0 /* NextDeparturesView.swift */,
				AA1151A025C4A75D00A2F299 /* BusStopView.swift */,
				AA691F5E25D0814D006CE292 /* DepartureListView.swift */,
				AA713EF025FA99A200D47C80 /* TrackMapView.swift */,
			);
			path = BusStop;
			sourceTree = "<group>";
		};
		AAC6929925D1D03800477314 /* Search */ = {
			isa = PBXGroup;
			children = (
				AA849FD625CED7EE00831982 /* SearchPickerView.swift */,
				AAC692AB25D1D84100477314 /* SearchBusLinesView.swift */,
				AAC692AE25D1D86E00477314 /* SearchBusStopsView.swift */,
				AA4A818B26B6CFDB00A12907 /* SearchTileView.swift */,
			);
			path = Search;
			sourceTree = "<group>";
		};
		AAC6929C25D1D0FA00477314 /* Extensions */ = {
			isa = PBXGroup;
			children = (
				AA3C459725C5C4A100148F1E /* date+extensions.swift */,
				AAC6929F25D1D23000477314 /* Array+extensions.swift */,
				AA42E81325F4DB5800E79DA9 /* Url+extensions.swift */,
				AA3D20C0265C0E8E0011AD86 /* SKStoreReviewController+extensions.swift */,
				AA4DAB662687A05B0009A789 /* VerticalAlignment+Extensions.swift */,
				AA4DAB682687A1F60009A789 /* Image+Extensions.swift */,
			);
			path = Extensions;
			sourceTree = "<group>";
		};
		AAC6929D25D1D16000477314 /* Database */ = {
			isa = PBXGroup;
			children = (
				AA79FD1825DC8CB2004F5723 /* ReachabilityTest.swift */,
				AA713EEB25FA8A0E00D47C80 /* tarbus.db */,
			);
			path = Database;
			sourceTree = "<group>";
		};
		AAE9B10E25AE7FA100D90F32 = {
			isa = PBXGroup;
			children = (
				AA05BCEB25ED784500009711 /* tarBUSWidgetExtension.entitlements */,
				AAE9B11925AE7FA200D90F32 /* tarBUS */,
				AA05BCD925ED77BB00009711 /* tarBUSWidget */,
				AA053AC225F3B74C00E1E2AE /* tarBusIntentExtension */,
				AA05BCD425ED77BB00009711 /* Frameworks */,
				AAE9B11825AE7FA200D90F32 /* Products */,
			);
			sourceTree = "<group>";
		};
		AAE9B11825AE7FA200D90F32 /* Products */ = {
			isa = PBXGroup;
			children = (
				AAE9B11725AE7FA200D90F32 /* tarBUS.app */,
				AA05BCD325ED77BB00009711 /* tarBUSWidgetExtension.appex */,
				AA053ABF25F3B74C00E1E2AE /* tarBusIntentExtension.appex */,
			);
			name = Products;
			sourceTree = "<group>";
		};
		AAE9B11925AE7FA200D90F32 /* tarBUS */ = {
			isa = PBXGroup;
			children = (
				AAE9B12D25AE800300D90F32 /* App */,
				AAC6929D25D1D16000477314 /* Database */,
				AA543C43265946840057CB33 /* Helpers */,
				AAC6929C25D1D0FA00477314 /* Extensions */,
				AAE9B12C25AE7FFD00D90F32 /* Models */,
				AA3B97CF25D46A5C0027D2DD /* ViewModels */,
				AAE9B12A25AE7FEF00D90F32 /* Views */,
				AAE9B11E25AE7FA400D90F32 /* Assets.xcassets */,
				AAE9B12325AE7FA400D90F32 /* Info.plist */,
				AAA279D925D30D7A00E1FB45 /* LaunchScreen.storyboard */,
				AA96904B25EAA5B80093D3D2 /* tarBUS.entitlements */,
				AAE9B12025AE7FA400D90F32 /* Preview Content */,
			);
			path = tarBUS;
			sourceTree = "<group>";
		};
		AAE9B12025AE7FA400D90F32 /* Preview Content */ = {
			isa = PBXGroup;
			children = (
				AAE9B12125AE7FA400D90F32 /* Preview Assets.xcassets */,
			);
			path = "Preview Content";
			sourceTree = "<group>";
		};
		AAE9B12A25AE7FEF00D90F32 /* Views */ = {
			isa = PBXGroup;
			children = (
				AAC6929325D1CFBD00477314 /* UIKit */,
				AAC6929225D1CF9400477314 /* Start */,
				AAC6929425D1CFD300477314 /* Lines */,
				AA578FC625FCE33400CB5FD5 /* Map */,
				AAC6929925D1D03800477314 /* Search */,
				AA9053B72657E76E00342DF5 /* Settings */,
			);
			path = Views;
			sourceTree = "<group>";
		};
		AAE9B12C25AE7FFD00D90F32 /* Models */ = {
			isa = PBXGroup;
			children = (
				AAC82EC525AEF07700236F31 /* LastUpdate.swift */,
				AA78CDD825B9EDB20052455A /* BusLine.swift */,
				AA75086625BC7B5D0045FFD5 /* BusStop.swift */,
				AAD6248925C05A3E0038C8CE /* Route.swift */,
				AA6D11E025D1C74D005F6F87 /* ListDeparture.swift */,
				AA6D11D825D1C060005F6F87 /* NextDeparture.swift */,
				AA6D11DC25D1C28D005F6F87 /* BoardDeparture.swift */,
				AA713EE125FA7BBF00D47C80 /* BusStopConnection.swift */,
			);
			path = Models;
			sourceTree = "<group>";
		};
		AAE9B12D25AE800300D90F32 /* App */ = {
			isa = PBXGroup;
			children = (
				AAE9B11A25AE7FA200D90F32 /* tarBUSApp.swift */,
			);
			path = App;
			sourceTree = "<group>";
		};
/* End PBXGroup section */

/* Begin PBXNativeTarget section */
		AA053ABE25F3B74C00E1E2AE /* tarBusIntentExtension */ = {
			isa = PBXNativeTarget;
			buildConfigurationList = AA053AC925F3B74C00E1E2AE /* Build configuration list for PBXNativeTarget "tarBusIntentExtension" */;
			buildPhases = (
				AA053ABB25F3B74C00E1E2AE /* Sources */,
				AA053ABC25F3B74C00E1E2AE /* Frameworks */,
				AA053ABD25F3B74C00E1E2AE /* Resources */,
			);
			buildRules = (
			);
			dependencies = (
			);
			name = tarBusIntentExtension;
			packageProductDependencies = (
				AACB910625F3BC7C00DB80D1 /* SQLite */,
			);
			productName = tarBusIntentExtension;
			productReference = AA053ABF25F3B74C00E1E2AE /* tarBusIntentExtension.appex */;
			productType = "com.apple.product-type.app-extension";
		};
		AA05BCD225ED77BB00009711 /* tarBUSWidgetExtension */ = {
			isa = PBXNativeTarget;
			buildConfigurationList = AA05BCE825ED77C000009711 /* Build configuration list for PBXNativeTarget "tarBUSWidgetExtension" */;
			buildPhases = (
				AA05BCCF25ED77BB00009711 /* Sources */,
				AA05BCD025ED77BB00009711 /* Frameworks */,
				AA05BCD125ED77BB00009711 /* Resources */,
			);
			buildRules = (
			);
			dependencies = (
			);
			name = tarBUSWidgetExtension;
			packageProductDependencies = (
				AA05BCFC25ED7E9E00009711 /* SQLite */,
			);
			productName = tarBUSWidgetExtension;
			productReference = AA05BCD325ED77BB00009711 /* tarBUSWidgetExtension.appex */;
			productType = "com.apple.product-type.app-extension";
		};
		AAE9B11625AE7FA100D90F32 /* tarBUS */ = {
			isa = PBXNativeTarget;
			buildConfigurationList = AAE9B12625AE7FA400D90F32 /* Build configuration list for PBXNativeTarget "tarBUS" */;
			buildPhases = (
				AAE9B11325AE7FA100D90F32 /* Sources */,
				AAE9B11425AE7FA100D90F32 /* Frameworks */,
				AAE9B11525AE7FA100D90F32 /* Resources */,
				AA05BCE525ED77C000009711 /* Embed App Extensions */,
			);
			buildRules = (
			);
			dependencies = (
				AA05BCE325ED77C000009711 /* PBXTargetDependency */,
				AA053AC725F3B74C00E1E2AE /* PBXTargetDependency */,
			);
			name = tarBUS;
			packageProductDependencies = (
				AA75085F25BC5E5F0045FFD5 /* SQLite */,
			);
			productName = tarBUS;
			productReference = AAE9B11725AE7FA200D90F32 /* tarBUS.app */;
			productType = "com.apple.product-type.application";
		};
/* End PBXNativeTarget section */

/* Begin PBXProject section */
		AAE9B10F25AE7FA100D90F32 /* Project object */ = {
			isa = PBXProject;
			attributes = {
				LastSwiftUpdateCheck = 1240;
				LastUpgradeCheck = 1240;
				TargetAttributes = {
					AA053ABE25F3B74C00E1E2AE = {
						CreatedOnToolsVersion = 12.4;
					};
					AA05BCD225ED77BB00009711 = {
						CreatedOnToolsVersion = 12.4;
					};
					AAE9B11625AE7FA100D90F32 = {
						CreatedOnToolsVersion = 12.3;
						LastSwiftMigration = 1250;
					};
				};
			};
			buildConfigurationList = AAE9B11225AE7FA100D90F32 /* Build configuration list for PBXProject "tarBUS" */;
			compatibilityVersion = "Xcode 9.3";
			developmentRegion = en;
			hasScannedForEncodings = 0;
			knownRegions = (
				en,
				Base,
				pl,
			);
			mainGroup = AAE9B10E25AE7FA100D90F32;
			packageReferences = (
				AA75085E25BC5E5F0045FFD5 /* XCRemoteSwiftPackageReference "SQLite.swift" */,
			);
			productRefGroup = AAE9B11825AE7FA200D90F32 /* Products */;
			projectDirPath = "";
			projectRoot = "";
			targets = (
				AAE9B11625AE7FA100D90F32 /* tarBUS */,
				AA05BCD225ED77BB00009711 /* tarBUSWidgetExtension */,
				AA053ABE25F3B74C00E1E2AE /* tarBusIntentExtension */,
			);
		};
/* End PBXProject section */

/* Begin PBXResourcesBuildPhase section */
		AA053ABD25F3B74C00E1E2AE /* Resources */ = {
			isa = PBXResourcesBuildPhase;
			buildActionMask = 2147483647;
			files = (
			);
			runOnlyForDeploymentPostprocessing = 0;
		};
		AA05BCD125ED77BB00009711 /* Resources */ = {
			isa = PBXResourcesBuildPhase;
			buildActionMask = 2147483647;
			files = (
				AA05BCDE25ED77C000009711 /* Assets.xcassets in Resources */,
			);
			runOnlyForDeploymentPostprocessing = 0;
		};
		AAE9B11525AE7FA100D90F32 /* Resources */ = {
			isa = PBXResourcesBuildPhase;
			buildActionMask = 2147483647;
			files = (
				AAA279DA25D30D7A00E1FB45 /* LaunchScreen.storyboard in Resources */,
				AAE9B12225AE7FA400D90F32 /* Preview Assets.xcassets in Resources */,
				AAE9B11F25AE7FA400D90F32 /* Assets.xcassets in Resources */,
				AA713EEC25FA8A0E00D47C80 /* tarbus.db in Resources */,
			);
			runOnlyForDeploymentPostprocessing = 0;
		};
/* End PBXResourcesBuildPhase section */

/* Begin PBXSourcesBuildPhase section */
		AA053ABB25F3B74C00E1E2AE /* Sources */ = {
			isa = PBXSourcesBuildPhase;
			buildActionMask = 2147483647;
			files = (
				AA053ADC25F3B78800E1E2AE /* Route.swift in Sources */,
				AA053ADA25F3B78800E1E2AE /* LastUpdate.swift in Sources */,
				AA053AD825F3B78800E1E2AE /* BusStop.swift in Sources */,
				AABEBB07265DA92F00EFC29D /* DatabaseHelper.swift in Sources */,
				AA713EE425FA7BBF00D47C80 /* BusStopConnection.swift in Sources */,
				AA053ADB25F3B78800E1E2AE /* BusLine.swift in Sources */,
				AA053AC425F3B74C00E1E2AE /* IntentHandler.swift in Sources */,
				AACB90FC25F3BB4C00DB80D1 /* WidgetIntent.intentdefinition in Sources */,
				AA053AD625F3B78800E1E2AE /* BoardDeparture.swift in Sources */,
				AA053AD925F3B78800E1E2AE /* NextDeparture.swift in Sources */,
				AA053AD725F3B78800E1E2AE /* ListDeparture.swift in Sources */,
			);
			runOnlyForDeploymentPostprocessing = 0;
		};
		AA05BCCF25ED77BB00009711 /* Sources */ = {
			isa = PBXSourcesBuildPhase;
			buildActionMask = 2147483647;
			files = (
				AA6CA29525F3CF9D007F088C /* WidgetModel.swift in Sources */,
				AABEBB06265DA91000EFC29D /* DatabaseHelper.swift in Sources */,
				AA05BD1125ED7FAA00009711 /* BusStop.swift in Sources */,
				AA05BD0D25ED7FAA00009711 /* LastUpdate.swift in Sources */,
				AA05BD0E25ED7FAA00009711 /* ListDeparture.swift in Sources */,
				AA05BD0F25ED7FAA00009711 /* BusLine.swift in Sources */,
				AACB90FB25F3BB4C00DB80D1 /* WidgetIntent.intentdefinition in Sources */,
				AA6CA2A025F3CFD6007F088C /* WidgetConfiguration.swift in Sources */,
				AA6CA29025F3CF58007F088C /* DataProvider.swift in Sources */,
				AA713EE325FA7BBF00D47C80 /* BusStopConnection.swift in Sources */,
				AA05BD1025ED7FAA00009711 /* BoardDeparture.swift in Sources */,
				AA05BCDB25ED77BB00009711 /* WidgetView.swift in Sources */,
				AA05BCF725ED7B9700009711 /* date+extensions.swift in Sources */,
				AA05BD0C25ED7FAA00009711 /* Route.swift in Sources */,
				AA05BD1225ED7FAA00009711 /* NextDeparture.swift in Sources */,
			);
			runOnlyForDeploymentPostprocessing = 0;
		};
		AAE9B11325AE7FA100D90F32 /* Sources */ = {
			isa = PBXSourcesBuildPhase;
			buildActionMask = 2147483647;
			files = (
				AA849FD725CED7EE00831982 /* SearchPickerView.swift in Sources */,
				AA09E84425C1BD7800FA4A70 /* RouteListView.swift in Sources */,
				AAE9B11D25AE7FA200D90F32 /* StartView.swift in Sources */,
				AA713EF125FA99A200D47C80 /* TrackMapView.swift in Sources */,
				AA75086325BC5F000045FFD5 /* DatabaseHelper.swift in Sources */,
				AA9053B92657E78500342DF5 /* SettingsTabView.swift in Sources */,
				AA78CDD925B9EDB20052455A /* BusLine.swift in Sources */,
				AA578FC825FCE35B00CB5FD5 /* BusStopMapView.swift in Sources */,
				AA6D11D925D1C060005F6F87 /* NextDeparture.swift in Sources */,
				AA63EC0F25C85783000360E0 /* NextDeparturesView.swift in Sources */,
				AA543C42265946590057CB33 /* HapticHelper.swift in Sources */,
				AA3B97D625D46DA80027D2DD /* FavouriteBusLinesListView.swift in Sources */,
				AA42E81425F4DB5800E79DA9 /* Url+extensions.swift in Sources */,
				AA781C4A26B57EDE00255597 /* SocialCardViewModel.swift in Sources */,
				AA7CB46625FD008C00D36172 /* VisualEffectView.swift in Sources */,
				AA713EDA25FA759C00D47C80 /* MapView.swift in Sources */,
				AA4A818E26B6D00900A12907 /* SearchTileViewModel.swift in Sources */,
				AA75086725BC7B5D0045FFD5 /* BusStop.swift in Sources */,
				AAC82EDE25AF2DFC00236F31 /* LineListView.swift in Sources */,
				AABEBB05265D932300EFC29D /* DevMenuView.swift in Sources */,
				AA3D20C1265C0E8E0011AD86 /* SKStoreReviewController+extensions.swift in Sources */,
				AAA279CF25D2F5DC00E1FB45 /* PrivacyPolicyView.swift in Sources */,
				AA781C4C26B57F9600255597 /* SocialCardView.swift in Sources */,
				AAA32C2F25D5B37500DC9ABB /* UIKitTabBar.swift in Sources */,
				AA713EE225FA7BBF00D47C80 /* BusStopConnection.swift in Sources */,
				AA781C4E26B59C9E00255597 /* LocationHelper.swift in Sources */,
				AA6D11DD25D1C28D005F6F87 /* BoardDeparture.swift in Sources */,
				AA4DAB672687A05B0009A789 /* VerticalAlignment+Extensions.swift in Sources */,
				AA4DAB692687A1F60009A789 /* Image+Extensions.swift in Sources */,
				AAC692A025D1D23000477314 /* Array+extensions.swift in Sources */,
				AA13B73E25FC094A0090F823 /* StackViewGridController.swift in Sources */,
				AA9053B62657C86700342DF5 /* SocialsView.swift in Sources */,
				AA3B97DD25D47C670027D2DD /* FavouriteBusStopsView.swift in Sources */,
				AAC82EC625AEF07700236F31 /* LastUpdate.swift in Sources */,
				AAC692AC25D1D84100477314 /* SearchBusLinesView.swift in Sources */,
				AA849FDC25CEE33600831982 /* SearchBarView.swift in Sources */,
				AAE9B11B25AE7FA200D90F32 /* tarBUSApp.swift in Sources */,
				AA1151A125C4A75D00A2F299 /* BusStopView.swift in Sources */,
				AA3C459825C5C4A100148F1E /* date+extensions.swift in Sources */,
				AA691F5F25D0814D006CE292 /* DepartureListView.swift in Sources */,
				AA4A818C26B6CFDB00A12907 /* SearchTileView.swift in Sources */,
				AA3B97D125D46AAD0027D2DD /* FavouriteBusLinesViewModel.swift in Sources */,
				AAC82ECF25AEFCBE00236F31 /* AboutView.swift in Sources */,
				AA3B97DA25D478270027D2DD /* FavouriteBusStopsViewModel.swift in Sources */,
				AAB4673C25B3354B00B46614 /* MailView.swift in Sources */,
				AAD6248A25C05A3E0038C8CE /* Route.swift in Sources */,
				AA6D11E125D1C74D005F6F87 /* ListDeparture.swift in Sources */,
				AA3C459B25C5D2B500148F1E /* PlanView.swift in Sources */,
				AA79FD1925DC8CB2004F5723 /* ReachabilityTest.swift in Sources */,
				AAC692AF25D1D86E00477314 /* SearchBusStopsView.swift in Sources */,
			);
			runOnlyForDeploymentPostprocessing = 0;
		};
/* End PBXSourcesBuildPhase section */

/* Begin PBXTargetDependency section */
		AA053AC725F3B74C00E1E2AE /* PBXTargetDependency */ = {
			isa = PBXTargetDependency;
			target = AA053ABE25F3B74C00E1E2AE /* tarBusIntentExtension */;
			targetProxy = AA053AC625F3B74C00E1E2AE /* PBXContainerItemProxy */;
		};
		AA05BCE325ED77C000009711 /* PBXTargetDependency */ = {
			isa = PBXTargetDependency;
			target = AA05BCD225ED77BB00009711 /* tarBUSWidgetExtension */;
			targetProxy = AA05BCE225ED77C000009711 /* PBXContainerItemProxy */;
		};
/* End PBXTargetDependency section */

/* Begin XCBuildConfiguration section */
		AA053ACA25F3B74C00E1E2AE /* Debug */ = {
			isa = XCBuildConfiguration;
			buildSettings = {
				CODE_SIGN_ENTITLEMENTS = tarBusIntentExtension/tarBusIntentExtension.entitlements;
				CODE_SIGN_STYLE = Automatic;
				CURRENT_PROJECT_VERSION = 5;
				DEVELOPMENT_TEAM = 9RS6NWG958;
				INFOPLIST_FILE = tarBusIntentExtension/Info.plist;
				IPHONEOS_DEPLOYMENT_TARGET = 14.1;
				LD_RUNPATH_SEARCH_PATHS = (
					"$(inherited)",
					"@executable_path/Frameworks",
					"@executable_path/../../Frameworks",
				);
				MARKETING_VERSION = 2.1.5;
				PRODUCT_BUNDLE_IDENTIFIER = com.florekjakub.tarBUSapp.tarBusIntentExtension;
				PRODUCT_NAME = "$(TARGET_NAME)";
				SKIP_INSTALL = YES;
				SWIFT_VERSION = 5.0;
				TARGETED_DEVICE_FAMILY = "1,2";
			};
			name = Debug;
		};
		AA053ACB25F3B74C00E1E2AE /* Release */ = {
			isa = XCBuildConfiguration;
			buildSettings = {
				CODE_SIGN_ENTITLEMENTS = tarBusIntentExtension/tarBusIntentExtension.entitlements;
				CODE_SIGN_STYLE = Automatic;
				CURRENT_PROJECT_VERSION = 5;
				DEVELOPMENT_TEAM = 9RS6NWG958;
				INFOPLIST_FILE = tarBusIntentExtension/Info.plist;
				IPHONEOS_DEPLOYMENT_TARGET = 14.1;
				LD_RUNPATH_SEARCH_PATHS = (
					"$(inherited)",
					"@executable_path/Frameworks",
					"@executable_path/../../Frameworks",
				);
				MARKETING_VERSION = 2.1.5;
				PRODUCT_BUNDLE_IDENTIFIER = com.florekjakub.tarBUSapp.tarBusIntentExtension;
				PRODUCT_NAME = "$(TARGET_NAME)";
				SKIP_INSTALL = YES;
				SWIFT_VERSION = 5.0;
				TARGETED_DEVICE_FAMILY = "1,2";
			};
			name = Release;
		};
		AA05BCE625ED77C000009711 /* Debug */ = {
			isa = XCBuildConfiguration;
			buildSettings = {
				ASSETCATALOG_COMPILER_GLOBAL_ACCENT_COLOR_NAME = AccentColor;
				ASSETCATALOG_COMPILER_WIDGET_BACKGROUND_COLOR_NAME = WidgetBackground;
				CODE_SIGN_ENTITLEMENTS = tarBUSWidgetExtension.entitlements;
				CODE_SIGN_STYLE = Automatic;
				CURRENT_PROJECT_VERSION = 5;
				DEVELOPMENT_TEAM = 9RS6NWG958;
				INFOPLIST_FILE = tarBUSWidget/Info.plist;
				IPHONEOS_DEPLOYMENT_TARGET = 14.1;
				LD_RUNPATH_SEARCH_PATHS = (
					"$(inherited)",
					"@executable_path/Frameworks",
					"@executable_path/../../Frameworks",
				);
				MARKETING_VERSION = 2.1.5;
				PRODUCT_BUNDLE_IDENTIFIER = com.florekjakub.tarBUSapp.tarBUSWidget;
				PRODUCT_NAME = "$(TARGET_NAME)";
				SKIP_INSTALL = YES;
				SWIFT_VERSION = 5.0;
				TARGETED_DEVICE_FAMILY = "1,2";
			};
			name = Debug;
		};
		AA05BCE725ED77C000009711 /* Release */ = {
			isa = XCBuildConfiguration;
			buildSettings = {
				ASSETCATALOG_COMPILER_GLOBAL_ACCENT_COLOR_NAME = AccentColor;
				ASSETCATALOG_COMPILER_WIDGET_BACKGROUND_COLOR_NAME = WidgetBackground;
				CODE_SIGN_ENTITLEMENTS = tarBUSWidgetExtension.entitlements;
				CODE_SIGN_STYLE = Automatic;
				CURRENT_PROJECT_VERSION = 5;
				DEVELOPMENT_TEAM = 9RS6NWG958;
				INFOPLIST_FILE = tarBUSWidget/Info.plist;
				IPHONEOS_DEPLOYMENT_TARGET = 14.1;
				LD_RUNPATH_SEARCH_PATHS = (
					"$(inherited)",
					"@executable_path/Frameworks",
					"@executable_path/../../Frameworks",
				);
				MARKETING_VERSION = 2.1.5;
				PRODUCT_BUNDLE_IDENTIFIER = com.florekjakub.tarBUSapp.tarBUSWidget;
				PRODUCT_NAME = "$(TARGET_NAME)";
				SKIP_INSTALL = YES;
				SWIFT_VERSION = 5.0;
				TARGETED_DEVICE_FAMILY = "1,2";
			};
			name = Release;
		};
		AA3EAF18264483DD003CF248 /* Beta */ = {
			isa = XCBuildConfiguration;
			buildSettings = {
				ALWAYS_SEARCH_USER_PATHS = NO;
				CLANG_ANALYZER_LOCALIZABILITY_NONLOCALIZED = YES;
				CLANG_ANALYZER_NONNULL = YES;
				CLANG_ANALYZER_NUMBER_OBJECT_CONVERSION = YES_AGGRESSIVE;
				CLANG_CXX_LANGUAGE_STANDARD = "gnu++14";
				CLANG_CXX_LIBRARY = "libc++";
				CLANG_ENABLE_MODULES = YES;
				CLANG_ENABLE_OBJC_ARC = YES;
				CLANG_ENABLE_OBJC_WEAK = YES;
				CLANG_WARN_BLOCK_CAPTURE_AUTORELEASING = YES;
				CLANG_WARN_BOOL_CONVERSION = YES;
				CLANG_WARN_COMMA = YES;
				CLANG_WARN_CONSTANT_CONVERSION = YES;
				CLANG_WARN_DEPRECATED_OBJC_IMPLEMENTATIONS = YES;
				CLANG_WARN_DIRECT_OBJC_ISA_USAGE = YES_ERROR;
				CLANG_WARN_DOCUMENTATION_COMMENTS = YES;
				CLANG_WARN_EMPTY_BODY = YES;
				CLANG_WARN_ENUM_CONVERSION = YES;
				CLANG_WARN_INFINITE_RECURSION = YES;
				CLANG_WARN_INT_CONVERSION = YES;
				CLANG_WARN_NON_LITERAL_NULL_CONVERSION = YES;
				CLANG_WARN_OBJC_IMPLICIT_RETAIN_SELF = YES;
				CLANG_WARN_OBJC_LITERAL_CONVERSION = YES;
				CLANG_WARN_OBJC_ROOT_CLASS = YES_ERROR;
				CLANG_WARN_QUOTED_INCLUDE_IN_FRAMEWORK_HEADER = YES;
				CLANG_WARN_RANGE_LOOP_ANALYSIS = YES;
				CLANG_WARN_STRICT_PROTOTYPES = YES;
				CLANG_WARN_SUSPICIOUS_MOVE = YES;
				CLANG_WARN_UNGUARDED_AVAILABILITY = YES_AGGRESSIVE;
				CLANG_WARN_UNREACHABLE_CODE = YES;
				CLANG_WARN__DUPLICATE_METHOD_MATCH = YES;
				COPY_PHASE_STRIP = NO;
				DEBUG_INFORMATION_FORMAT = "dwarf-with-dsym";
				ENABLE_NS_ASSERTIONS = NO;
				ENABLE_STRICT_OBJC_MSGSEND = YES;
				GCC_C_LANGUAGE_STANDARD = gnu11;
				GCC_NO_COMMON_BLOCKS = YES;
				GCC_WARN_64_TO_32_BIT_CONVERSION = YES;
				GCC_WARN_ABOUT_RETURN_TYPE = YES_ERROR;
				GCC_WARN_UNDECLARED_SELECTOR = YES;
				GCC_WARN_UNINITIALIZED_AUTOS = YES_AGGRESSIVE;
				GCC_WARN_UNUSED_FUNCTION = YES;
				GCC_WARN_UNUSED_VARIABLE = YES;
				IPHONEOS_DEPLOYMENT_TARGET = 14.5;
				MTL_ENABLE_DEBUG_INFO = NO;
				MTL_FAST_MATH = YES;
				SDKROOT = iphoneos;
				SWIFT_COMPILATION_MODE = wholemodule;
				SWIFT_OPTIMIZATION_LEVEL = "-O";
				VALIDATE_PRODUCT = YES;
			};
			name = Beta;
		};
		AA3EAF19264483DD003CF248 /* Beta */ = {
			isa = XCBuildConfiguration;
			buildSettings = {
				ALWAYS_EMBED_SWIFT_STANDARD_LIBRARIES = YES;
				ASSETCATALOG_COMPILER_APPICON_NAME = AppIcon.beta;
				ASSETCATALOG_COMPILER_GLOBAL_ACCENT_COLOR_NAME = AccentColor;
				BUNDLE_ID_SUFFIX = .beta;
				CLANG_ENABLE_MODULES = YES;
				CODE_SIGN_ENTITLEMENTS = tarBUS/tarBUS.entitlements;
				CODE_SIGN_STYLE = Automatic;
				CURRENT_PROJECT_VERSION = 5;
				DEVELOPMENT_ASSET_PATHS = "\"tarBUS/Preview Content\"";
				DEVELOPMENT_TEAM = 9RS6NWG958;
				ENABLE_PREVIEWS = YES;
				INFOPLIST_FILE = tarBUS/Info.plist;
				IPHONEOS_DEPLOYMENT_TARGET = 14.1;
				LD_RUNPATH_SEARCH_PATHS = (
					"$(inherited)",
					"@executable_path/Frameworks",
				);
				MARKETING_VERSION = 2.1.5;
				PRODUCT_BUNDLE_IDENTIFIER = com.florekjakub.tarBUSapp;
				PRODUCT_NAME = tarBUS;
				SWIFT_VERSION = 5.0;
				TARGETED_DEVICE_FAMILY = "1,2";
			};
			name = Beta;
		};
		AA3EAF1A264483DD003CF248 /* Beta */ = {
			isa = XCBuildConfiguration;
			buildSettings = {
				ASSETCATALOG_COMPILER_GLOBAL_ACCENT_COLOR_NAME = AccentColor;
				ASSETCATALOG_COMPILER_WIDGET_BACKGROUND_COLOR_NAME = WidgetBackground;
				CODE_SIGN_ENTITLEMENTS = tarBUSWidgetExtension.entitlements;
				CODE_SIGN_STYLE = Automatic;
				CURRENT_PROJECT_VERSION = 5;
				DEVELOPMENT_TEAM = 9RS6NWG958;
				INFOPLIST_FILE = tarBUSWidget/Info.plist;
				IPHONEOS_DEPLOYMENT_TARGET = 14.1;
				LD_RUNPATH_SEARCH_PATHS = (
					"$(inherited)",
					"@executable_path/Frameworks",
					"@executable_path/../../Frameworks",
				);
				MARKETING_VERSION = 2.1.5;
				PRODUCT_BUNDLE_IDENTIFIER = com.florekjakub.tarBUSapp.tarBUSWidget;
				PRODUCT_NAME = "$(TARGET_NAME)";
				SKIP_INSTALL = YES;
				SWIFT_VERSION = 5.0;
				TARGETED_DEVICE_FAMILY = "1,2";
			};
			name = Beta;
		};
		AA3EAF1B264483DD003CF248 /* Beta */ = {
			isa = XCBuildConfiguration;
			buildSettings = {
				CODE_SIGN_ENTITLEMENTS = tarBusIntentExtension/tarBusIntentExtension.entitlements;
				CODE_SIGN_STYLE = Automatic;
				CURRENT_PROJECT_VERSION = 5;
				DEVELOPMENT_TEAM = 9RS6NWG958;
				INFOPLIST_FILE = tarBusIntentExtension/Info.plist;
				IPHONEOS_DEPLOYMENT_TARGET = 14.1;
				LD_RUNPATH_SEARCH_PATHS = (
					"$(inherited)",
					"@executable_path/Frameworks",
					"@executable_path/../../Frameworks",
				);
				MARKETING_VERSION = 2.1.5;
				PRODUCT_BUNDLE_IDENTIFIER = com.florekjakub.tarBUSapp.tarBusIntentExtension;
				PRODUCT_NAME = "$(TARGET_NAME)";
				SKIP_INSTALL = YES;
				SWIFT_VERSION = 5.0;
				TARGETED_DEVICE_FAMILY = "1,2";
			};
			name = Beta;
		};
		AAE9B12425AE7FA400D90F32 /* Debug */ = {
			isa = XCBuildConfiguration;
			buildSettings = {
				ALWAYS_SEARCH_USER_PATHS = NO;
				CLANG_ANALYZER_LOCALIZABILITY_NONLOCALIZED = YES;
				CLANG_ANALYZER_NONNULL = YES;
				CLANG_ANALYZER_NUMBER_OBJECT_CONVERSION = YES_AGGRESSIVE;
				CLANG_CXX_LANGUAGE_STANDARD = "gnu++14";
				CLANG_CXX_LIBRARY = "libc++";
				CLANG_ENABLE_MODULES = YES;
				CLANG_ENABLE_OBJC_ARC = YES;
				CLANG_ENABLE_OBJC_WEAK = YES;
				CLANG_WARN_BLOCK_CAPTURE_AUTORELEASING = YES;
				CLANG_WARN_BOOL_CONVERSION = YES;
				CLANG_WARN_COMMA = YES;
				CLANG_WARN_CONSTANT_CONVERSION = YES;
				CLANG_WARN_DEPRECATED_OBJC_IMPLEMENTATIONS = YES;
				CLANG_WARN_DIRECT_OBJC_ISA_USAGE = YES_ERROR;
				CLANG_WARN_DOCUMENTATION_COMMENTS = YES;
				CLANG_WARN_EMPTY_BODY = YES;
				CLANG_WARN_ENUM_CONVERSION = YES;
				CLANG_WARN_INFINITE_RECURSION = YES;
				CLANG_WARN_INT_CONVERSION = YES;
				CLANG_WARN_NON_LITERAL_NULL_CONVERSION = YES;
				CLANG_WARN_OBJC_IMPLICIT_RETAIN_SELF = YES;
				CLANG_WARN_OBJC_LITERAL_CONVERSION = YES;
				CLANG_WARN_OBJC_ROOT_CLASS = YES_ERROR;
				CLANG_WARN_QUOTED_INCLUDE_IN_FRAMEWORK_HEADER = YES;
				CLANG_WARN_RANGE_LOOP_ANALYSIS = YES;
				CLANG_WARN_STRICT_PROTOTYPES = YES;
				CLANG_WARN_SUSPICIOUS_MOVE = YES;
				CLANG_WARN_UNGUARDED_AVAILABILITY = YES_AGGRESSIVE;
				CLANG_WARN_UNREACHABLE_CODE = YES;
				CLANG_WARN__DUPLICATE_METHOD_MATCH = YES;
				COPY_PHASE_STRIP = NO;
				DEBUG_INFORMATION_FORMAT = dwarf;
				ENABLE_STRICT_OBJC_MSGSEND = YES;
				ENABLE_TESTABILITY = YES;
				GCC_C_LANGUAGE_STANDARD = gnu11;
				GCC_DYNAMIC_NO_PIC = NO;
				GCC_NO_COMMON_BLOCKS = YES;
				GCC_OPTIMIZATION_LEVEL = 0;
				GCC_PREPROCESSOR_DEFINITIONS = (
					"DEBUG=1",
					"$(inherited)",
				);
				GCC_WARN_64_TO_32_BIT_CONVERSION = YES;
				GCC_WARN_ABOUT_RETURN_TYPE = YES_ERROR;
				GCC_WARN_UNDECLARED_SELECTOR = YES;
				GCC_WARN_UNINITIALIZED_AUTOS = YES_AGGRESSIVE;
				GCC_WARN_UNUSED_FUNCTION = YES;
				GCC_WARN_UNUSED_VARIABLE = YES;
				IPHONEOS_DEPLOYMENT_TARGET = 14.5;
				MTL_ENABLE_DEBUG_INFO = INCLUDE_SOURCE;
				MTL_FAST_MATH = YES;
				ONLY_ACTIVE_ARCH = YES;
				SDKROOT = iphoneos;
				SWIFT_ACTIVE_COMPILATION_CONDITIONS = DEBUG;
				SWIFT_OPTIMIZATION_LEVEL = "-Onone";
			};
			name = Debug;
		};
		AAE9B12525AE7FA400D90F32 /* Release */ = {
			isa = XCBuildConfiguration;
			buildSettings = {
				ALWAYS_SEARCH_USER_PATHS = NO;
				CLANG_ANALYZER_LOCALIZABILITY_NONLOCALIZED = YES;
				CLANG_ANALYZER_NONNULL = YES;
				CLANG_ANALYZER_NUMBER_OBJECT_CONVERSION = YES_AGGRESSIVE;
				CLANG_CXX_LANGUAGE_STANDARD = "gnu++14";
				CLANG_CXX_LIBRARY = "libc++";
				CLANG_ENABLE_MODULES = YES;
				CLANG_ENABLE_OBJC_ARC = YES;
				CLANG_ENABLE_OBJC_WEAK = YES;
				CLANG_WARN_BLOCK_CAPTURE_AUTORELEASING = YES;
				CLANG_WARN_BOOL_CONVERSION = YES;
				CLANG_WARN_COMMA = YES;
				CLANG_WARN_CONSTANT_CONVERSION = YES;
				CLANG_WARN_DEPRECATED_OBJC_IMPLEMENTATIONS = YES;
				CLANG_WARN_DIRECT_OBJC_ISA_USAGE = YES_ERROR;
				CLANG_WARN_DOCUMENTATION_COMMENTS = YES;
				CLANG_WARN_EMPTY_BODY = YES;
				CLANG_WARN_ENUM_CONVERSION = YES;
				CLANG_WARN_INFINITE_RECURSION = YES;
				CLANG_WARN_INT_CONVERSION = YES;
				CLANG_WARN_NON_LITERAL_NULL_CONVERSION = YES;
				CLANG_WARN_OBJC_IMPLICIT_RETAIN_SELF = YES;
				CLANG_WARN_OBJC_LITERAL_CONVERSION = YES;
				CLANG_WARN_OBJC_ROOT_CLASS = YES_ERROR;
				CLANG_WARN_QUOTED_INCLUDE_IN_FRAMEWORK_HEADER = YES;
				CLANG_WARN_RANGE_LOOP_ANALYSIS = YES;
				CLANG_WARN_STRICT_PROTOTYPES = YES;
				CLANG_WARN_SUSPICIOUS_MOVE = YES;
				CLANG_WARN_UNGUARDED_AVAILABILITY = YES_AGGRESSIVE;
				CLANG_WARN_UNREACHABLE_CODE = YES;
				CLANG_WARN__DUPLICATE_METHOD_MATCH = YES;
				COPY_PHASE_STRIP = NO;
				DEBUG_INFORMATION_FORMAT = "dwarf-with-dsym";
				ENABLE_NS_ASSERTIONS = NO;
				ENABLE_STRICT_OBJC_MSGSEND = YES;
				GCC_C_LANGUAGE_STANDARD = gnu11;
				GCC_NO_COMMON_BLOCKS = YES;
				GCC_WARN_64_TO_32_BIT_CONVERSION = YES;
				GCC_WARN_ABOUT_RETURN_TYPE = YES_ERROR;
				GCC_WARN_UNDECLARED_SELECTOR = YES;
				GCC_WARN_UNINITIALIZED_AUTOS = YES_AGGRESSIVE;
				GCC_WARN_UNUSED_FUNCTION = YES;
				GCC_WARN_UNUSED_VARIABLE = YES;
				IPHONEOS_DEPLOYMENT_TARGET = 14.5;
				MTL_ENABLE_DEBUG_INFO = NO;
				MTL_FAST_MATH = YES;
				SDKROOT = iphoneos;
				SWIFT_COMPILATION_MODE = wholemodule;
				SWIFT_OPTIMIZATION_LEVEL = "-O";
				VALIDATE_PRODUCT = YES;
			};
			name = Release;
		};
		AAE9B12725AE7FA400D90F32 /* Debug */ = {
			isa = XCBuildConfiguration;
			buildSettings = {
				ALWAYS_EMBED_SWIFT_STANDARD_LIBRARIES = YES;
				ASSETCATALOG_COMPILER_APPICON_NAME = AppIcon.dev;
				ASSETCATALOG_COMPILER_GLOBAL_ACCENT_COLOR_NAME = AccentColor;
				BUNDLE_ID_SUFFIX = .dev;
				CLANG_ENABLE_MODULES = YES;
				CODE_SIGN_ENTITLEMENTS = tarBUS/tarBUS.entitlements;
				CODE_SIGN_STYLE = Automatic;
				CURRENT_PROJECT_VERSION = 5;
				DEVELOPMENT_ASSET_PATHS = "\"tarBUS/Preview Content\"";
				DEVELOPMENT_TEAM = 9RS6NWG958;
				ENABLE_PREVIEWS = YES;
				INFOPLIST_FILE = tarBUS/Info.plist;
				IPHONEOS_DEPLOYMENT_TARGET = 14.1;
				LD_RUNPATH_SEARCH_PATHS = (
					"$(inherited)",
					"@executable_path/Frameworks",
				);
				MARKETING_VERSION = 2.1.5;
				PRODUCT_BUNDLE_IDENTIFIER = com.florekjakub.tarBUSapp;
				PRODUCT_NAME = tarBUS;
				SWIFT_OPTIMIZATION_LEVEL = "-Onone";
				SWIFT_VERSION = 5.0;
				TARGETED_DEVICE_FAMILY = "1,2";
			};
			name = Debug;
		};
		AAE9B12825AE7FA400D90F32 /* Release */ = {
			isa = XCBuildConfiguration;
			buildSettings = {
				ALWAYS_EMBED_SWIFT_STANDARD_LIBRARIES = YES;
				ASSETCATALOG_COMPILER_APPICON_NAME = AppIcon;
				ASSETCATALOG_COMPILER_GLOBAL_ACCENT_COLOR_NAME = AccentColor;
				BUNDLE_ID_SUFFIX = "";
				CLANG_ENABLE_MODULES = YES;
				CODE_SIGN_ENTITLEMENTS = tarBUS/tarBUS.entitlements;
				CODE_SIGN_STYLE = Automatic;
				CURRENT_PROJECT_VERSION = 5;
				DEVELOPMENT_ASSET_PATHS = "\"tarBUS/Preview Content\"";
				DEVELOPMENT_TEAM = 9RS6NWG958;
				ENABLE_PREVIEWS = YES;
				INFOPLIST_FILE = tarBUS/Info.plist;
				IPHONEOS_DEPLOYMENT_TARGET = 14.1;
				LD_RUNPATH_SEARCH_PATHS = (
					"$(inherited)",
					"@executable_path/Frameworks",
				);
				MARKETING_VERSION = 2.1.5;
				PRODUCT_BUNDLE_IDENTIFIER = "com.florekjakub.tarBUSapp$(BUNDLE_ID_SUFFIX)";
				PRODUCT_NAME = tarBUS;
				SWIFT_VERSION = 5.0;
				TARGETED_DEVICE_FAMILY = "1,2";
			};
			name = Release;
		};
/* End XCBuildConfiguration section */

/* Begin XCConfigurationList section */
		AA053AC925F3B74C00E1E2AE /* Build configuration list for PBXNativeTarget "tarBusIntentExtension" */ = {
			isa = XCConfigurationList;
			buildConfigurations = (
				AA053ACA25F3B74C00E1E2AE /* Debug */,
				AA053ACB25F3B74C00E1E2AE /* Release */,
				AA3EAF1B264483DD003CF248 /* Beta */,
			);
			defaultConfigurationIsVisible = 0;
			defaultConfigurationName = Release;
		};
		AA05BCE825ED77C000009711 /* Build configuration list for PBXNativeTarget "tarBUSWidgetExtension" */ = {
			isa = XCConfigurationList;
			buildConfigurations = (
				AA05BCE625ED77C000009711 /* Debug */,
				AA05BCE725ED77C000009711 /* Release */,
				AA3EAF1A264483DD003CF248 /* Beta */,
			);
			defaultConfigurationIsVisible = 0;
			defaultConfigurationName = Release;
		};
		AAE9B11225AE7FA100D90F32 /* Build configuration list for PBXProject "tarBUS" */ = {
			isa = XCConfigurationList;
			buildConfigurations = (
				AAE9B12425AE7FA400D90F32 /* Debug */,
				AAE9B12525AE7FA400D90F32 /* Release */,
				AA3EAF18264483DD003CF248 /* Beta */,
			);
			defaultConfigurationIsVisible = 0;
			defaultConfigurationName = Release;
		};
		AAE9B12625AE7FA400D90F32 /* Build configuration list for PBXNativeTarget "tarBUS" */ = {
			isa = XCConfigurationList;
			buildConfigurations = (
				AAE9B12725AE7FA400D90F32 /* Debug */,
				AAE9B12825AE7FA400D90F32 /* Release */,
				AA3EAF19264483DD003CF248 /* Beta */,
			);
			defaultConfigurationIsVisible = 0;
			defaultConfigurationName = Release;
		};
/* End XCConfigurationList section */

/* Begin XCRemoteSwiftPackageReference section */
		AA75085E25BC5E5F0045FFD5 /* XCRemoteSwiftPackageReference "SQLite.swift" */ = {
			isa = XCRemoteSwiftPackageReference;
			repositoryURL = "https://github.com/stephencelis/SQLite.swift.git";
			requirement = {
				kind = upToNextMajorVersion;
				minimumVersion = 0.12.2;
			};
		};
/* End XCRemoteSwiftPackageReference section */

/* Begin XCSwiftPackageProductDependency section */
		AA05BCFC25ED7E9E00009711 /* SQLite */ = {
			isa = XCSwiftPackageProductDependency;
			package = AA75085E25BC5E5F0045FFD5 /* XCRemoteSwiftPackageReference "SQLite.swift" */;
			productName = SQLite;
		};
		AA75085F25BC5E5F0045FFD5 /* SQLite */ = {
			isa = XCSwiftPackageProductDependency;
			package = AA75085E25BC5E5F0045FFD5 /* XCRemoteSwiftPackageReference "SQLite.swift" */;
			productName = SQLite;
		};
		AACB910625F3BC7C00DB80D1 /* SQLite */ = {
			isa = XCSwiftPackageProductDependency;
			package = AA75085E25BC5E5F0045FFD5 /* XCRemoteSwiftPackageReference "SQLite.swift" */;
			productName = SQLite;
		};
/* End XCSwiftPackageProductDependency section */
	};
	rootObject = AAE9B10F25AE7FA100D90F32 /* Project object */;
}
